// !$*UTF8*$!
{
	archiveVersion = 1;
	classes = {
	};
	objectVersion = 46;
	objects = {

/* Begin PBXBuildFile section */
		1485E8CF1DFB58FB001208CC /* CircularProgressView.swift in Sources */ = {isa = PBXBuildFile; fileRef = 1485E8CE1DFB58FB001208CC /* CircularProgressView.swift */; };
		148ECFD31DFB584A006DE49A /* AppDelegate.swift in Sources */ = {isa = PBXBuildFile; fileRef = 148ECFD21DFB584A006DE49A /* AppDelegate.swift */; };
		148ECFD51DFB584A006DE49A /* ViewController.swift in Sources */ = {isa = PBXBuildFile; fileRef = 148ECFD41DFB584A006DE49A /* ViewController.swift */; };
		148ECFD81DFB584A006DE49A /* Main.storyboard in Resources */ = {isa = PBXBuildFile; fileRef = 148ECFD61DFB584A006DE49A /* Main.storyboard */; };
		148ECFDA1DFB584A006DE49A /* Assets.xcassets in Resources */ = {isa = PBXBuildFile; fileRef = 148ECFD91DFB584A006DE49A /* Assets.xcassets */; };
		148ECFDD1DFB584A006DE49A /* LaunchScreen.storyboard in Resources */ = {isa = PBXBuildFile; fileRef = 148ECFDB1DFB584A006DE49A /* LaunchScreen.storyboard */; };
/* End PBXBuildFile section */

/* Begin PBXFileReference section */
		1485E8CE1DFB58FB001208CC /* CircularProgressView.swift */ = {isa = PBXFileReference; fileEncoding = 4; lastKnownFileType = sourcecode.swift; path = CircularProgressView.swift; sourceTree = "<group>"; };
		148ECFCF1DFB584A006DE49A /* CircularProgressIndicator.app */ = {isa = PBXFileReference; explicitFileType = wrapper.application; includeInIndex = 0; path = CircularProgressIndicator.app; sourceTree = BUILT_PRODUCTS_DIR; };
		148ECFD21DFB584A006DE49A /* AppDelegate.swift */ = {isa = PBXFileReference; lastKnownFileType = sourcecode.swift; path = AppDelegate.swift; sourceTree = "<group>"; };
		148ECFD41DFB584A006DE49A /* ViewController.swift */ = {isa = PBXFileReference; lastKnownFileType = sourcecode.swift; path = ViewController.swift; sourceTree = "<group>"; };
		148ECFD71DFB584A006DE49A /* Base */ = {isa = PBXFileReference; lastKnownFileType = file.storyboard; name = Base; path = Base.lproj/Main.storyboard; sourceTree = "<group>"; };
		148ECFD91DFB584A006DE49A /* Assets.xcassets */ = {isa = PBXFileReference; lastKnownFileType = folder.assetcatalog; path = Assets.xcassets; sourceTree = "<group>"; };
		148ECFDC1DFB584A006DE49A /* Base */ = {isa = PBXFileReference; lastKnownFileType = file.storyboard; name = Base; path = Base.lproj/LaunchScreen.storyboard; sourceTree = "<group>"; };
		148ECFDE1DFB584A006DE49A /* Info.plist */ = {isa = PBXFileReference; lastKnownFileType = text.plist.xml; path = Info.plist; sourceTree = "<group>"; };
/* End PBXFileReference section */

/* Begin PBXFrameworksBuildPhase section */
		148ECFCC1DFB584A006DE49A /* Frameworks */ = {
			isa = PBXFrameworksBuildPhase;
			buildActionMask = 2147483647;
			files = (
			);
			runOnlyForDeploymentPostprocessing = 0;
		};
/* End PBXFrameworksBuildPhase section */

/* Begin PBXGroup section */
		148ECFC61DFB584A006DE49A = {
			isa = PBXGroup;
			children = (
				148ECFD11DFB584A006DE49A /* CircularProgressIndicator */,
				148ECFD01DFB584A006DE49A /* Products */,
			);
			sourceTree = "<group>";
		};
		148ECFD01DFB584A006DE49A /* Products */ = {
			isa = PBXGroup;
			children = (
				148ECFCF1DFB584A006DE49A /* CircularProgressIndicator.app */,
			);
			name = Products;
			sourceTree = "<group>";
		};
		148ECFD11DFB584A006DE49A /* CircularProgressIndicator */ = {
			isa = PBXGroup;
			children = (
				148ECFD21DFB584A006DE49A /* AppDelegate.swift */,
				148ECFD41DFB584A006DE49A /* ViewController.swift */,
				1485E8CE1DFB58FB001208CC /* CircularProgressView.swift */,
				148ECFD61DFB584A006DE49A /* Main.storyboard */,
				148ECFD91DFB584A006DE49A /* Assets.xcassets */,
				148ECFDB1DFB584A006DE49A /* LaunchScreen.storyboard */,
				148ECFDE1DFB584A006DE49A /* Info.plist */,
			);
			path = CircularProgressIndicator;
			sourceTree = "<group>";
		};
/* End PBXGroup section */

/* Begin PBXNativeTarget section */
		148ECFCE1DFB584A006DE49A /* CircularProgressIndicator */ = {
			isa = PBXNativeTarget;
			buildConfigurationList = 148ECFE11DFB584A006DE49A /* Build configuration list for PBXNativeTarget "CircularProgressIndicator" */;
			buildPhases = (
				148ECFCB1DFB584A006DE49A /* Sources */,
				148ECFCC1DFB584A006DE49A /* Frameworks */,
				148ECFCD1DFB584A006DE49A /* Resources */,
			);
			buildRules = (
			);
			dependencies = (
			);
			name = CircularProgressIndicator;
			productName = CircularProgressIndicator;
			productReference = 148ECFCF1DFB584A006DE49A /* CircularProgressIndicator.app */;
			productType = "com.apple.product-type.application";
		};
/* End PBXNativeTarget section */

/* Begin PBXProject section */
		148ECFC71DFB584A006DE49A /* Project object */ = {
			isa = PBXProject;
			attributes = {
				LastSwiftUpdateCheck = 0810;
				LastUpgradeCheck = 0820;
				ORGANIZATIONNAME = "Sean Calkins";
				TargetAttributes = {
					148ECFCE1DFB584A006DE49A = {
						CreatedOnToolsVersion = 8.1;
						DevelopmentTeam = 954HJ5Q475;
						ProvisioningStyle = Automatic;
					};
				};
			};
			buildConfigurationList = 148ECFCA1DFB584A006DE49A /* Build configuration list for PBXProject "CircularProgressIndicator" */;
			compatibilityVersion = "Xcode 3.2";
			developmentRegion = English;
			hasScannedForEncodings = 0;
			knownRegions = (
				en,
				Base,
			);
			mainGroup = 148ECFC61DFB584A006DE49A;
			productRefGroup = 148ECFD01DFB584A006DE49A /* Products */;
			projectDirPath = "";
			projectRoot = "";
			targets = (
				148ECFCE1DFB584A006DE49A /* CircularProgressIndicator */,
			);
		};
/* End PBXProject section */

/* Begin PBXResourcesBuildPhase section */
		148ECFCD1DFB584A006DE49A /* Resources */ = {
			isa = PBXResourcesBuildPhase;
			buildActionMask = 2147483647;
			files = (
				148ECFDD1DFB584A006DE49A /* LaunchScreen.storyboard in Resources */,
				148ECFDA1DFB584A006DE49A /* Assets.xcassets in Resources */,
				148ECFD81DFB584A006DE49A /* Main.storyboard in Resources */,
			);
			runOnlyForDeploymentPostprocessing = 0;
		};
/* End PBXResourcesBuildPhase section */

/* Begin PBXSourcesBuildPhase section */
		148ECFCB1DFB584A006DE49A /* Sources */ = {
			isa = PBXSourcesBuildPhase;
			buildActionMask = 2147483647;
			files = (
				148ECFD51DFB584A006DE49A /* ViewController.swift in Sources */,
				1485E8CF1DFB58FB001208CC /* CircularProgressView.swift in Sources */,
				148ECFD31DFB584A006DE49A /* AppDelegate.swift in Sources */,
			);
			runOnlyForDeploymentPostprocessing = 0;
		};
/* End PBXSourcesBuildPhase section */

/* Begin PBXVariantGroup section */
		148ECFD61DFB584A006DE49A /* Main.storyboard */ = {
			isa = PBXVariantGroup;
			children = (
				148ECFD71DFB584A006DE49A /* Base */,
			);
			name = Main.storyboard;
			sourceTree = "<group>";
		};
		148ECFDB1DFB584A006DE49A /* LaunchScreen.storyboard */ = {
			isa = PBXVariantGroup;
			children = (
				148ECFDC1DFB584A006DE49A /* Base */,
			);
			name = LaunchScreen.storyboard;
			sourceTree = "<group>";
		};
/* End PBXVariantGroup section */

/* Begin XCBuildConfiguration section */
		148ECFDF1DFB584A006DE49A /* Debug */ = {
			isa = XCBuildConfiguration;
			buildSettings = {
				ALWAYS_SEARCH_USER_PATHS = NO;
				CLANG_ANALYZER_NONNULL = YES;
				CLANG_CXX_LANGUAGE_STANDARD = "gnu++0x";
				CLANG_CXX_LIBRARY = "libc++";
				CLANG_ENABLE_MODULES = YES;
				CLANG_ENABLE_OBJC_ARC = YES;
				CLANG_WARN_BOOL_CONVERSION = YES;
				CLANG_WARN_CONSTANT_CONVERSION = YES;
				CLANG_WARN_DIRECT_OBJC_ISA_USAGE = YES_ERROR;
				CLANG_WARN_DOCUMENTATION_COMMENTS = YES;
				CLANG_WARN_EMPTY_BODY = YES;
				CLANG_WARN_ENUM_CONVERSION = YES;
				CLANG_WARN_INFINITE_RECURSION = YES;
				CLANG_WARN_INT_CONVERSION = YES;
				CLANG_WARN_OBJC_ROOT_CLASS = YES_ERROR;
				CLANG_WARN_SUSPICIOUS_MOVE = YES;
				CLANG_WARN_SUSPICIOUS_MOVES = YES;
				CLANG_WARN_UNREACHABLE_CODE = YES;
				CLANG_WARN__DUPLICATE_METHOD_MATCH = YES;
				"CODE_SIGN_IDENTITY[sdk=iphoneos*]" = "iPhone Developer";
				COPY_PHASE_STRIP = NO;
				DEBUG_INFORMATION_FORMAT = dwarf;
				ENABLE_STRICT_OBJC_MSGSEND = YES;
				ENABLE_TESTABILITY = YES;
				GCC_C_LANGUAGE_STANDARD = gnu99;
				GCC_DYNAMIC_NO_PIC = NO;
				GCC_NO_COMMON_BLOCKS = YES;
				GCC_OPTIMIZATION_LEVEL = 0;
				GCC_PREPROCESSOR_DEFINITIONS = (
					"DEBUG=1",
					"$(inherited)",
				);
				GCC_WARN_64_TO_32_BIT_CONVERSION = YES;
				GCC_WARN_ABOUT_RETURN_TYPE = YES_ERROR;
				GCC_WARN_UNDECLARED_SELECTOR = YES;
				GCC_WARN_UNINITIALIZED_AUTOS = YES_AGGRESSIVE;
				GCC_WARN_UNUSED_FUNCTION = YES;
				GCC_WARN_UNUSED_VARIABLE = YES;
				IPHONEOS_DEPLOYMENT_TARGET = 10.1;
				MTL_ENABLE_DEBUG_INFO = YES;
				ONLY_ACTIVE_ARCH = YES;
				SDKROOT = iphoneos;
				SWIFT_ACTIVE_COMPILATION_CONDITIONS = DEBUG;
				SWIFT_OPTIMIZATION_LEVEL = "-Onone";
			};
			name = Debug;
		};
		148ECFE01DFB584A006DE49A /* Release */ = {
			isa = XCBuildConfiguration;
			buildSettings = {
				ALWAYS_SEARCH_USER_PATHS = NO;
				CLANG_ANALYZER_NONNULL = YES;
				CLANG_CXX_LANGUAGE_STANDARD = "gnu++0x";
				CLANG_CXX_LIBRARY = "libc++";
				CLANG_ENABLE_MODULES = YES;
				CLANG_ENABLE_OBJC_ARC = YES;
				CLANG_WARN_BOOL_CONVERSION = YES;
				CLANG_WARN_CONSTANT_CONVERSION = YES;
				CLANG_WARN_DIRECT_OBJC_ISA_USAGE = YES_ERROR;
				CLANG_WARN_DOCUMENTATION_COMMENTS = YES;
				CLANG_WARN_EMPTY_BODY = YES;
				CLANG_WARN_ENUM_CONVERSION = YES;
				CLANG_WARN_INFINITE_RECURSION = YES;
				CLANG_WARN_INT_CONVERSION = YES;
				CLANG_WARN_OBJC_ROOT_CLASS = YES_ERROR;
				CLANG_WARN_SUSPICIOUS_MOVE = YES;
				CLANG_WARN_SUSPICIOUS_MOVES = YES;
				CLANG_WARN_UNREACHABLE_CODE = YES;
				CLANG_WARN__DUPLICATE_METHOD_MATCH = YES;
				"CODE_SIGN_IDENTITY[sdk=iphoneos*]" = "iPhone Developer";
				COPY_PHASE_STRIP = NO;
				DEBUG_INFORMATION_FORMAT = "dwarf-with-dsym";
				ENABLE_NS_ASSERTIONS = NO;
				ENABLE_STRICT_OBJC_MSGSEND = YES;
				GCC_C_LANGUAGE_STANDARD = gnu99;
				GCC_NO_COMMON_BLOCKS = YES;
				GCC_WARN_64_TO_32_BIT_CONVERSION = YES;
				GCC_WARN_ABOUT_RETURN_TYPE = YES_ERROR;
				GCC_WARN_UNDECLARED_SELECTOR = YES;
				GCC_WARN_UNINITIALIZED_AUTOS = YES_AGGRESSIVE;
				GCC_WARN_UNUSED_FUNCTION = YES;
				GCC_WARN_UNUSED_VARIABLE = YES;
				IPHONEOS_DEPLOYMENT_TARGET = 10.1;
				MTL_ENABLE_DEBUG_INFO = NO;
				SDKROOT = iphoneos;
				SWIFT_OPTIMIZATION_LEVEL = "-Owholemodule";
				VALIDATE_PRODUCT = YES;
			};
			name = Release;
		};
		148ECFE21DFB584A006DE49A /* Debug */ = {
			isa = XCBuildConfiguration;
			buildSettings = {
				ASSETCATALOG_COMPILER_APPICON_NAME = AppIcon;
				DEVELOPMENT_TEAM = 954HJ5Q475;
				INFOPLIST_FILE = CircularProgressIndicator/Info.plist;
				LD_RUNPATH_SEARCH_PATHS = "$(inherited) @executable_path/Frameworks";
				PRODUCT_BUNDLE_IDENTIFIER = com.SeanCalkins.CircularProgressIndicator;
				PRODUCT_NAME = "$(TARGET_NAME)";
				SWIFT_VERSION = 3.0;
			};
			name = Debug;
		};
		148ECFE31DFB584A006DE49A /* Release */ = {
			isa = XCBuildConfiguration;
			buildSettings = {
				ASSETCATALOG_COMPILER_APPICON_NAME = AppIcon;
				DEVELOPMENT_TEAM = 954HJ5Q475;
				INFOPLIST_FILE = CircularProgressIndicator/Info.plist;
				LD_RUNPATH_SEARCH_PATHS = "$(inherited) @executable_path/Frameworks";
				PRODUCT_BUNDLE_IDENTIFIER = com.SeanCalkins.CircularProgressIndicator;
				PRODUCT_NAME = "$(TARGET_NAME)";
				SWIFT_VERSION = 3.0;
			};
			name = Release;
		};
/* End XCBuildConfiguration section */

/* Begin XCConfigurationList section */
		148ECFCA1DFB584A006DE49A /* Build configuration list for PBXProject "CircularProgressIndicator" */ = {
			isa = XCConfigurationList;
			buildConfigurations = (
				148ECFDF1DFB584A006DE49A /* Debug */,
				148ECFE01DFB584A006DE49A /* Release */,
			);
			defaultConfigurationIsVisible = 0;
			defaultConfigurationName = Release;
		};
		148ECFE11DFB584A006DE49A /* Build configuration list for PBXNativeTarget "CircularProgressIndicator" */ = {
			isa = XCConfigurationList;
			buildConfigurations = (
				148ECFE21DFB584A006DE49A /* Debug */,
				148ECFE31DFB584A006DE49A /* Release */,
			);
			defaultConfigurationIsVisible = 0;
			defaultConfigurationName = Release;
		};
/* End XCConfigurationList section */
	};
	rootObject = 148ECFC71DFB584A006DE49A /* Project object */;
}
